# THIS IS AN AUTOGENERATED FILE. DO NOT EDIT THIS FILE DIRECTLY.
# yarn lockfile v1


ask-sdk-core@^2.12.1:
  version "2.12.1"
  resolved "https://registry.yarnpkg.com/ask-sdk-core/-/ask-sdk-core-2.12.1.tgz#ac09877a904b9b7d86a9fc6948cd1af49fad8750"
  integrity sha512-2fT7XkHfuI0I6g12Y4mztgzmz7SwrKli8Z2p+eut1dVk8t5BHxWVXZCOVI5GVhW0DJbWwhjPSfOTAZX+zPoKEA==
  dependencies:
    ask-sdk-runtime "^2.12.0"

ask-sdk-runtime@^2.12.0:
  version "2.12.0"
  resolved "https://registry.yarnpkg.com/ask-sdk-runtime/-/ask-sdk-runtime-2.12.0.tgz#e4b06467a2545ad9fec07379027184374030df38"
  integrity sha512-5vNTQCjWVnT74Aa39gqBAm3Gvwald0Uu4B1IU4mPTCbBzqEM1XkXkhIc8CWXQOuK7S2SsebjAHEBinrZo+T6lQ==
